// !$*UTF8*$!
{
	archiveVersion = 1;
	classes = {
	};
	objectVersion = 48;
	objects = {

/* Begin PBXBuildFile section */
		AC15F0A61DB4719D005A5779 /* GlobalModel.swift in Sources */ = {isa = PBXBuildFile; fileRef = AC15F0A51DB4719D005A5779 /* GlobalModel.swift */; };
		AC15F0A91DB47538005A5779 /* UserData.swift in Sources */ = {isa = PBXBuildFile; fileRef = AC15F0A81DB47538005A5779 /* UserData.swift */; };
		AC15F0AB1DB48144005A5779 /* LoginDelegate.swift in Sources */ = {isa = PBXBuildFile; fileRef = AC15F0AA1DB48144005A5779 /* LoginDelegate.swift */; };
		AC38A8CA1E1F85CF00F10CEB /* Borrow.storyboard in Resources */ = {isa = PBXBuildFile; fileRef = AC38A8C91E1F85CF00F10CEB /* Borrow.storyboard */; };
		AC38A8CE1E1F875B00F10CEB /* History.storyboard in Resources */ = {isa = PBXBuildFile; fileRef = AC38A8CD1E1F875B00F10CEB /* History.storyboard */; };
		AC38A8E21E1F8ACF00F10CEB /* HistoryViewController.swift in Sources */ = {isa = PBXBuildFile; fileRef = AC38A8E11E1F8ACF00F10CEB /* HistoryViewController.swift */; };
		AC38A8E71E1F8B7200F10CEB /* CommonGlobal.swift in Sources */ = {isa = PBXBuildFile; fileRef = AC38A8E61E1F8B7200F10CEB /* CommonGlobal.swift */; };
		AC6B88A91DB1FBFE0037F189 /* BaseViewModelProtocol.swift in Sources */ = {isa = PBXBuildFile; fileRef = AC6B88A81DB1FBFE0037F189 /* BaseViewModelProtocol.swift */; };
		AC6B88AD1DB1FC800037F189 /* BaseViewController.swift in Sources */ = {isa = PBXBuildFile; fileRef = AC6B88AC1DB1FC800037F189 /* BaseViewController.swift */; };
		AC6B88B11DB1FDF40037F189 /* UIColorExtension.swift in Sources */ = {isa = PBXBuildFile; fileRef = AC6B88B01DB1FDF40037F189 /* UIColorExtension.swift */; };
		AC6B88B31DB1FF440037F189 /* BaseViewModel.swift in Sources */ = {isa = PBXBuildFile; fileRef = AC6B88B21DB1FF440037F189 /* BaseViewModel.swift */; };
		AC6B88B71DB35ACF0037F189 /* RoundButton.swift in Sources */ = {isa = PBXBuildFile; fileRef = AC6B88B61DB35ACF0037F189 /* RoundButton.swift */; };
		AC6B88B91DB35C210037F189 /* LoginViewController.swift in Sources */ = {isa = PBXBuildFile; fileRef = AC6B88B81DB35C210037F189 /* LoginViewController.swift */; };
		AC6B88C41DB35CF30037F189 /* SignUpViewController.swift in Sources */ = {isa = PBXBuildFile; fileRef = AC6B88C31DB35CF30037F189 /* SignUpViewController.swift */; };
		AC6B88C61DB35E170037F189 /* LoginViewModel.swift in Sources */ = {isa = PBXBuildFile; fileRef = AC6B88C51DB35E170037F189 /* LoginViewModel.swift */; };
		AC6B88CB1DB365C40037F189 /* BaseResponse.swift in Sources */ = {isa = PBXBuildFile; fileRef = AC6B88CA1DB365C40037F189 /* BaseResponse.swift */; };
		AC6B88E41DB373990037F189 /* LoginResponse.swift in Sources */ = {isa = PBXBuildFile; fileRef = AC6B88E31DB373990037F189 /* LoginResponse.swift */; };
		AC6B88E91DB38DDC0037F189 /* CommonRouter.swift in Sources */ = {isa = PBXBuildFile; fileRef = AC6B88E81DB38DDC0037F189 /* CommonRouter.swift */; };
		AC7EC5CD1E223C8700766960 /* KmitlBikeUser.swift in Sources */ = {isa = PBXBuildFile; fileRef = AC7EC5CC1E223C8700766960 /* KmitlBikeUser.swift */; };
		AC7EC5F11E2494D700766960 /* BikeHistoryTableViewCell.swift in Sources */ = {isa = PBXBuildFile; fileRef = AC7EC5EF1E2494D700766960 /* BikeHistoryTableViewCell.swift */; };
		AC7EC5F21E2494D700766960 /* BikeHistoryTableViewCell.xib in Resources */ = {isa = PBXBuildFile; fileRef = AC7EC5F01E2494D700766960 /* BikeHistoryTableViewCell.xib */; };
		AC7EC5F41E249E7200766960 /* HistoryViewModel.swift in Sources */ = {isa = PBXBuildFile; fileRef = AC7EC5F31E249E7200766960 /* HistoryViewModel.swift */; };
		AC7EC5F61E249EB900766960 /* HistoryDelegate.swift in Sources */ = {isa = PBXBuildFile; fileRef = AC7EC5F51E249EB900766960 /* HistoryDelegate.swift */; };
		AC7EC5F81E24B3E400766960 /* ServiceProvider.swift in Sources */ = {isa = PBXBuildFile; fileRef = AC7EC5F71E24B3E400766960 /* ServiceProvider.swift */; };
		AC7EC5FA1E24CC5E00766960 /* HistoryResponse.swift in Sources */ = {isa = PBXBuildFile; fileRef = AC7EC5F91E24CC5E00766960 /* HistoryResponse.swift */; };
		AC7EC5FC1E25290400766960 /* HistorySummaryViewController.swift in Sources */ = {isa = PBXBuildFile; fileRef = AC7EC5FB1E25290400766960 /* HistorySummaryViewController.swift */; };
		AC7EC6041E26442400766960 /* MoreViewController.swift in Sources */ = {isa = PBXBuildFile; fileRef = AC7EC6031E26442400766960 /* MoreViewController.swift */; };
		AC7EC6091E26529C00766960 /* MoreHeaderTableViewCell.swift in Sources */ = {isa = PBXBuildFile; fileRef = AC7EC6071E26529C00766960 /* MoreHeaderTableViewCell.swift */; };
		AC7EC60A1E26529C00766960 /* MoreHeaderTableViewCell.xib in Resources */ = {isa = PBXBuildFile; fileRef = AC7EC6081E26529C00766960 /* MoreHeaderTableViewCell.xib */; };
		AC9068DF1DB1D235009BC898 /* AppDelegate.swift in Sources */ = {isa = PBXBuildFile; fileRef = AC9068DE1DB1D235009BC898 /* AppDelegate.swift */; };
		AC9068E11DB1D235009BC898 /* ViewController.swift in Sources */ = {isa = PBXBuildFile; fileRef = AC9068E01DB1D235009BC898 /* ViewController.swift */; };
		AC9068E61DB1D235009BC898 /* Assets.xcassets in Resources */ = {isa = PBXBuildFile; fileRef = AC9068E51DB1D235009BC898 /* Assets.xcassets */; };
		AC9068E91DB1D235009BC898 /* LaunchScreen.storyboard in Resources */ = {isa = PBXBuildFile; fileRef = AC9068E71DB1D235009BC898 /* LaunchScreen.storyboard */; };
		ACA05EB51E27649000453D8D /* Find.storyboard in Resources */ = {isa = PBXBuildFile; fileRef = ACA05EB31E27649000453D8D /* Find.storyboard */; };
		ACA05EB61E27649000453D8D /* More.storyboard in Resources */ = {isa = PBXBuildFile; fileRef = ACA05EB41E27649000453D8D /* More.storyboard */; };
		ACD8A5A61DF1145000E989AA /* ViewControllerFactory.swift in Sources */ = {isa = PBXBuildFile; fileRef = ACD8A5A51DF1145000E989AA /* ViewControllerFactory.swift */; };
		ACD8A5A81DF1147D00E989AA /* BaseFactory.swift in Sources */ = {isa = PBXBuildFile; fileRef = ACD8A5A71DF1147D00E989AA /* BaseFactory.swift */; };
		ACD8A5AB1DF116B100E989AA /* NSObject+kmitlbike.swift in Sources */ = {isa = PBXBuildFile; fileRef = ACD8A5AA1DF116B100E989AA /* NSObject+kmitlbike.swift */; };
		ACD8A5AE1DF121F400E989AA /* Login.storyboard in Resources */ = {isa = PBXBuildFile; fileRef = ACD8A5AD1DF121F400E989AA /* Login.storyboard */; };
		ACD8A5B01DF1220200E989AA /* Home.storyboard in Resources */ = {isa = PBXBuildFile; fileRef = ACD8A5AF1DF1220200E989AA /* Home.storyboard */; };
		ACD8A5B31DF12B9700E989AA /* CommonForm.swift in Sources */ = {isa = PBXBuildFile; fileRef = ACD8A5B21DF12B9700E989AA /* CommonForm.swift */; };
		ACD8A5B81DF1303D00E989AA /* SignupViewModel.swift in Sources */ = {isa = PBXBuildFile; fileRef = ACD8A5B71DF1303D00E989AA /* SignupViewModel.swift */; };
		ACD8A5BA1DF1306800E989AA /* SignupDelegate.swift in Sources */ = {isa = PBXBuildFile; fileRef = ACD8A5B91DF1306800E989AA /* SignupDelegate.swift */; };
		ACEE800D1E101DBE007C6FC8 /* HomeViewController.swift in Sources */ = {isa = PBXBuildFile; fileRef = ACEE800C1E101DBE007C6FC8 /* HomeViewController.swift */; };
		DEA3E90B88BB7F5E5CCD0A95 /* Pods_kmitlbike.framework in Frameworks */ = {isa = PBXBuildFile; fileRef = 0CDC6F4C19EBAFA9028A4944 /* Pods_kmitlbike.framework */; };
/* End PBXBuildFile section */

/* Begin PBXFileReference section */
		0CDC6F4C19EBAFA9028A4944 /* Pods_kmitlbike.framework */ = {isa = PBXFileReference; explicitFileType = wrapper.framework; includeInIndex = 0; path = Pods_kmitlbike.framework; sourceTree = BUILT_PRODUCTS_DIR; };
		18FBB5C3F714D66AD13AA384 /* Pods-kmitlbike.debug.xcconfig */ = {isa = PBXFileReference; includeInIndex = 1; lastKnownFileType = text.xcconfig; name = "Pods-kmitlbike.debug.xcconfig"; path = "Pods/Target Support Files/Pods-kmitlbike/Pods-kmitlbike.debug.xcconfig"; sourceTree = "<group>"; };
		AC15F0A51DB4719D005A5779 /* GlobalModel.swift */ = {isa = PBXFileReference; fileEncoding = 4; lastKnownFileType = sourcecode.swift; name = GlobalModel.swift; path = Common/Model/GlobalModel.swift; sourceTree = "<group>"; };
		AC15F0A81DB47538005A5779 /* UserData.swift */ = {isa = PBXFileReference; fileEncoding = 4; lastKnownFileType = sourcecode.swift; name = UserData.swift; path = Common/Model/UserData.swift; sourceTree = "<group>"; };
		AC15F0AA1DB48144005A5779 /* LoginDelegate.swift */ = {isa = PBXFileReference; fileEncoding = 4; lastKnownFileType = sourcecode.swift; name = LoginDelegate.swift; path = Login/Classes/Login/Protocol/LoginDelegate.swift; sourceTree = "<group>"; };
		AC38A8C91E1F85CF00F10CEB /* Borrow.storyboard */ = {isa = PBXFileReference; fileEncoding = 4; lastKnownFileType = file.storyboard; name = Borrow.storyboard; path = Storyboard/Borrow.storyboard; sourceTree = "<group>"; };
		AC38A8CD1E1F875B00F10CEB /* History.storyboard */ = {isa = PBXFileReference; fileEncoding = 4; lastKnownFileType = file.storyboard; name = History.storyboard; path = Storyboard/History.storyboard; sourceTree = "<group>"; };
		AC38A8E11E1F8ACF00F10CEB /* HistoryViewController.swift */ = {isa = PBXFileReference; fileEncoding = 4; lastKnownFileType = sourcecode.swift; name = HistoryViewController.swift; path = History/Classes/ViewController/HistoryViewController.swift; sourceTree = "<group>"; };
		AC38A8E61E1F8B7200F10CEB /* CommonGlobal.swift */ = {isa = PBXFileReference; fileEncoding = 4; lastKnownFileType = sourcecode.swift; name = CommonGlobal.swift; path = Common/Global/CommonGlobal.swift; sourceTree = "<group>"; };
		AC6B88A81DB1FBFE0037F189 /* BaseViewModelProtocol.swift */ = {isa = PBXFileReference; fileEncoding = 4; lastKnownFileType = sourcecode.swift; name = BaseViewModelProtocol.swift; path = Common/Protocol/BaseViewModelProtocol.swift; sourceTree = "<group>"; };
		AC6B88AC1DB1FC800037F189 /* BaseViewController.swift */ = {isa = PBXFileReference; fileEncoding = 4; lastKnownFileType = sourcecode.swift; name = BaseViewController.swift; path = Common/ViewController/BaseViewController.swift; sourceTree = "<group>"; };
		AC6B88B01DB1FDF40037F189 /* UIColorExtension.swift */ = {isa = PBXFileReference; fileEncoding = 4; lastKnownFileType = sourcecode.swift; name = UIColorExtension.swift; path = Common/Extension/UIColorExtension/UIColorExtension.swift; sourceTree = "<group>"; };
		AC6B88B21DB1FF440037F189 /* BaseViewModel.swift */ = {isa = PBXFileReference; fileEncoding = 4; lastKnownFileType = sourcecode.swift; name = BaseViewModel.swift; path = Common/ViewModel/BaseViewModel.swift; sourceTree = "<group>"; };
		AC6B88B61DB35ACF0037F189 /* RoundButton.swift */ = {isa = PBXFileReference; fileEncoding = 4; lastKnownFileType = sourcecode.swift; name = RoundButton.swift; path = Common/View/Button/RoundButton.swift; sourceTree = "<group>"; };
		AC6B88B81DB35C210037F189 /* LoginViewController.swift */ = {isa = PBXFileReference; fileEncoding = 4; lastKnownFileType = sourcecode.swift; name = LoginViewController.swift; path = Login/Classes/Login/ViewController/LoginViewController.swift; sourceTree = "<group>"; };
		AC6B88C31DB35CF30037F189 /* SignUpViewController.swift */ = {isa = PBXFileReference; fileEncoding = 4; lastKnownFileType = sourcecode.swift; name = SignUpViewController.swift; path = Login/Classes/Signup/ViewController/SignUpViewController.swift; sourceTree = "<group>"; };
		AC6B88C51DB35E170037F189 /* LoginViewModel.swift */ = {isa = PBXFileReference; fileEncoding = 4; lastKnownFileType = sourcecode.swift; name = LoginViewModel.swift; path = Login/Classes/Login/ViewModel/LoginViewModel.swift; sourceTree = "<group>"; };
		AC6B88CA1DB365C40037F189 /* BaseResponse.swift */ = {isa = PBXFileReference; fileEncoding = 4; lastKnownFileType = sourcecode.swift; name = BaseResponse.swift; path = Common/Model/BaseResponse.swift; sourceTree = "<group>"; };
		AC6B88E31DB373990037F189 /* LoginResponse.swift */ = {isa = PBXFileReference; fileEncoding = 4; lastKnownFileType = sourcecode.swift; name = LoginResponse.swift; path = Login/Classes/Login/Model/LoginResponse.swift; sourceTree = "<group>"; };
		AC6B88E81DB38DDC0037F189 /* CommonRouter.swift */ = {isa = PBXFileReference; fileEncoding = 4; lastKnownFileType = sourcecode.swift; name = CommonRouter.swift; path = Login/Classes/Router/CommonRouter.swift; sourceTree = "<group>"; };
		AC7EC5CC1E223C8700766960 /* KmitlBikeUser.swift */ = {isa = PBXFileReference; fileEncoding = 4; lastKnownFileType = sourcecode.swift; name = KmitlBikeUser.swift; path = Common/Global/KmitlBikeUser.swift; sourceTree = "<group>"; };
		AC7EC5EF1E2494D700766960 /* BikeHistoryTableViewCell.swift */ = {isa = PBXFileReference; fileEncoding = 4; lastKnownFileType = sourcecode.swift; name = BikeHistoryTableViewCell.swift; path = History/Classes/View/BikeHistoryTableViewCell.swift; sourceTree = "<group>"; };
		AC7EC5F01E2494D700766960 /* BikeHistoryTableViewCell.xib */ = {isa = PBXFileReference; fileEncoding = 4; lastKnownFileType = file.xib; name = BikeHistoryTableViewCell.xib; path = History/Classes/View/BikeHistoryTableViewCell.xib; sourceTree = "<group>"; };
		AC7EC5F31E249E7200766960 /* HistoryViewModel.swift */ = {isa = PBXFileReference; fileEncoding = 4; lastKnownFileType = sourcecode.swift; name = HistoryViewModel.swift; path = History/Classes/ViewModel/HistoryViewModel.swift; sourceTree = "<group>"; };
		AC7EC5F51E249EB900766960 /* HistoryDelegate.swift */ = {isa = PBXFileReference; fileEncoding = 4; lastKnownFileType = sourcecode.swift; name = HistoryDelegate.swift; path = History/Classes/Protocol/HistoryDelegate.swift; sourceTree = "<group>"; };
		AC7EC5F71E24B3E400766960 /* ServiceProvider.swift */ = {isa = PBXFileReference; fileEncoding = 4; lastKnownFileType = sourcecode.swift; name = ServiceProvider.swift; path = Common/IoC/ServiceProvider.swift; sourceTree = "<group>"; };
		AC7EC5F91E24CC5E00766960 /* HistoryResponse.swift */ = {isa = PBXFileReference; fileEncoding = 4; lastKnownFileType = sourcecode.swift; name = HistoryResponse.swift; path = History/Classes/Model/HistoryResponse.swift; sourceTree = "<group>"; };
		AC7EC5FB1E25290400766960 /* HistorySummaryViewController.swift */ = {isa = PBXFileReference; fileEncoding = 4; lastKnownFileType = sourcecode.swift; name = HistorySummaryViewController.swift; path = History/Classes/ViewController/HistorySummaryViewController.swift; sourceTree = "<group>"; };
		AC7EC6031E26442400766960 /* MoreViewController.swift */ = {isa = PBXFileReference; fileEncoding = 4; lastKnownFileType = sourcecode.swift; name = MoreViewController.swift; path = More/Classes/ViewController/MoreViewController.swift; sourceTree = "<group>"; };
		AC7EC6071E26529C00766960 /* MoreHeaderTableViewCell.swift */ = {isa = PBXFileReference; fileEncoding = 4; lastKnownFileType = sourcecode.swift; name = MoreHeaderTableViewCell.swift; path = More/Resources/Xib/MoreHeaderTableViewCell.swift; sourceTree = "<group>"; };
		AC7EC6081E26529C00766960 /* MoreHeaderTableViewCell.xib */ = {isa = PBXFileReference; fileEncoding = 4; lastKnownFileType = file.xib; name = MoreHeaderTableViewCell.xib; path = More/Resources/Xib/MoreHeaderTableViewCell.xib; sourceTree = "<group>"; };
		AC9068DB1DB1D235009BC898 /* kmitlbike.app */ = {isa = PBXFileReference; explicitFileType = wrapper.application; includeInIndex = 0; path = kmitlbike.app; sourceTree = BUILT_PRODUCTS_DIR; };
		AC9068DE1DB1D235009BC898 /* AppDelegate.swift */ = {isa = PBXFileReference; lastKnownFileType = sourcecode.swift; path = AppDelegate.swift; sourceTree = "<group>"; };
		AC9068E01DB1D235009BC898 /* ViewController.swift */ = {isa = PBXFileReference; lastKnownFileType = sourcecode.swift; path = ViewController.swift; sourceTree = "<group>"; };
		AC9068E51DB1D235009BC898 /* Assets.xcassets */ = {isa = PBXFileReference; lastKnownFileType = folder.assetcatalog; path = Assets.xcassets; sourceTree = "<group>"; };
		AC9068E81DB1D235009BC898 /* Base */ = {isa = PBXFileReference; lastKnownFileType = file.storyboard; name = Base; path = Base.lproj/LaunchScreen.storyboard; sourceTree = "<group>"; };
		AC9068EA1DB1D235009BC898 /* Info.plist */ = {isa = PBXFileReference; lastKnownFileType = text.plist.xml; path = Info.plist; sourceTree = "<group>"; };
		ACA05EB31E27649000453D8D /* Find.storyboard */ = {isa = PBXFileReference; fileEncoding = 4; lastKnownFileType = file.storyboard; name = Find.storyboard; path = Storyboard/Find.storyboard; sourceTree = "<group>"; };
		ACA05EB41E27649000453D8D /* More.storyboard */ = {isa = PBXFileReference; fileEncoding = 4; lastKnownFileType = file.storyboard; name = More.storyboard; path = Storyboard/More.storyboard; sourceTree = "<group>"; };
		ACD8A5A51DF1145000E989AA /* ViewControllerFactory.swift */ = {isa = PBXFileReference; fileEncoding = 4; lastKnownFileType = sourcecode.swift; name = ViewControllerFactory.swift; path = Common/IoC/ViewControllerFactory.swift; sourceTree = "<group>"; };
		ACD8A5A71DF1147D00E989AA /* BaseFactory.swift */ = {isa = PBXFileReference; fileEncoding = 4; lastKnownFileType = sourcecode.swift; name = BaseFactory.swift; path = Common/IoC/BaseFactory.swift; sourceTree = "<group>"; };
		ACD8A5AA1DF116B100E989AA /* NSObject+kmitlbike.swift */ = {isa = PBXFileReference; fileEncoding = 4; lastKnownFileType = sourcecode.swift; name = "NSObject+kmitlbike.swift"; path = "Common/Extension/NSObject/NSObject+kmitlbike.swift"; sourceTree = "<group>"; };
		ACD8A5AD1DF121F400E989AA /* Login.storyboard */ = {isa = PBXFileReference; fileEncoding = 4; lastKnownFileType = file.storyboard; name = Login.storyboard; path = Storyboard/Login.storyboard; sourceTree = "<group>"; };
		ACD8A5AF1DF1220200E989AA /* Home.storyboard */ = {isa = PBXFileReference; fileEncoding = 4; lastKnownFileType = file.storyboard; name = Home.storyboard; path = Storyboard/Home.storyboard; sourceTree = "<group>"; };
		ACD8A5B21DF12B9700E989AA /* CommonForm.swift */ = {isa = PBXFileReference; fileEncoding = 4; lastKnownFileType = sourcecode.swift; name = CommonForm.swift; path = Common/Form/CommonForm.swift; sourceTree = "<group>"; };
		ACD8A5B71DF1303D00E989AA /* SignupViewModel.swift */ = {isa = PBXFileReference; fileEncoding = 4; lastKnownFileType = sourcecode.swift; name = SignupViewModel.swift; path = Login/Classes/Signup/ViewModel/SignupViewModel.swift; sourceTree = "<group>"; };
		ACD8A5B91DF1306800E989AA /* SignupDelegate.swift */ = {isa = PBXFileReference; fileEncoding = 4; lastKnownFileType = sourcecode.swift; name = SignupDelegate.swift; path = Login/Classes/Signup/Protocol/SignupDelegate.swift; sourceTree = "<group>"; };
		ACEE800C1E101DBE007C6FC8 /* HomeViewController.swift */ = {isa = PBXFileReference; fileEncoding = 4; lastKnownFileType = sourcecode.swift; name = HomeViewController.swift; path = Home/Classes/ViewController/HomeViewController.swift; sourceTree = "<group>"; };
		BBA16D7B7E6747D8E4AF3137 /* Pods-kmitlbike.release.xcconfig */ = {isa = PBXFileReference; includeInIndex = 1; lastKnownFileType = text.xcconfig; name = "Pods-kmitlbike.release.xcconfig"; path = "Pods/Target Support Files/Pods-kmitlbike/Pods-kmitlbike.release.xcconfig"; sourceTree = "<group>"; };
/* End PBXFileReference section */

/* Begin PBXFrameworksBuildPhase section */
		AC9068D81DB1D235009BC898 /* Frameworks */ = {
			isa = PBXFrameworksBuildPhase;
			buildActionMask = 2147483647;
			files = (
				DEA3E90B88BB7F5E5CCD0A95 /* Pods_kmitlbike.framework in Frameworks */,
			);
			runOnlyForDeploymentPostprocessing = 0;
		};
/* End PBXFrameworksBuildPhase section */

/* Begin PBXGroup section */
		A051EE3799693092847EC5E5 /* Frameworks */ = {
			isa = PBXGroup;
			children = (
				0CDC6F4C19EBAFA9028A4944 /* Pods_kmitlbike.framework */,
			);
			name = Frameworks;
			sourceTree = "<group>";
		};
		AC15F0A71DB471D2005A5779 /* Router */ = {
			isa = PBXGroup;
			children = (
				AC6B88E81DB38DDC0037F189 /* CommonRouter.swift */,
			);
			name = Router;
			sourceTree = "<group>";
		};
		AC38A8D11E1F898100F10CEB /* Find */ = {
			isa = PBXGroup;
			children = (
				AC38A8E31E1F8B0300F10CEB /* Classes */,
			);
			name = Find;
			sourceTree = "<group>";
		};
		AC38A8D21E1F898900F10CEB /* History */ = {
			isa = PBXGroup;
			children = (
				AC7EC5EC1E24949900766960 /* Resources */,
				AC38A8D41E1F89CA00F10CEB /* Classes */,
			);
			name = History;
			sourceTree = "<group>";
		};
		AC38A8D31E1F898F00F10CEB /* More */ = {
			isa = PBXGroup;
			children = (
				AC7EC6001E2643CF00766960 /* Resources */,
				AC7EC5FF1E2643C800766960 /* Classes */,
			);
			name = More;
			sourceTree = "<group>";
		};
		AC38A8D41E1F89CA00F10CEB /* Classes */ = {
			isa = PBXGroup;
			children = (
				AC7EC5EE1E2494B000766960 /* View */,
				AC38A8D81E1F89DA00F10CEB /* Protocol */,
				AC38A8D71E1F89D900F10CEB /* Model */,
				AC38A8D61E1F89D600F10CEB /* ViewModel */,
				AC38A8D51E1F89D000F10CEB /* ViewController */,
			);
			name = Classes;
			sourceTree = "<group>";
		};
		AC38A8D51E1F89D000F10CEB /* ViewController */ = {
			isa = PBXGroup;
			children = (
				AC38A8E11E1F8ACF00F10CEB /* HistoryViewController.swift */,
				AC7EC5FB1E25290400766960 /* HistorySummaryViewController.swift */,
			);
			name = ViewController;
			sourceTree = "<group>";
		};
		AC38A8D61E1F89D600F10CEB /* ViewModel */ = {
			isa = PBXGroup;
			children = (
				AC7EC5F31E249E7200766960 /* HistoryViewModel.swift */,
			);
			name = ViewModel;
			sourceTree = "<group>";
		};
		AC38A8D71E1F89D900F10CEB /* Model */ = {
			isa = PBXGroup;
			children = (
				AC7EC5F91E24CC5E00766960 /* HistoryResponse.swift */,
			);
			name = Model;
			sourceTree = "<group>";
		};
		AC38A8D81E1F89DA00F10CEB /* Protocol */ = {
			isa = PBXGroup;
			children = (
				AC7EC5F51E249EB900766960 /* HistoryDelegate.swift */,
			);
			name = Protocol;
			sourceTree = "<group>";
		};
		AC38A8D91E1F89EF00F10CEB /* ViewController */ = {
			isa = PBXGroup;
			children = (
			);
			name = ViewController;
			sourceTree = "<group>";
		};
		AC38A8DA1E1F89F200F10CEB /* ViewModel */ = {
			isa = PBXGroup;
			children = (
			);
			name = ViewModel;
			sourceTree = "<group>";
		};
		AC38A8DB1E1F89F300F10CEB /* Protocol */ = {
			isa = PBXGroup;
			children = (
			);
			name = Protocol;
			sourceTree = "<group>";
		};
		AC38A8DC1E1F89F400F10CEB /* Model */ = {
			isa = PBXGroup;
			children = (
			);
			name = Model;
			sourceTree = "<group>";
		};
		AC38A8DD1E1F8A0B00F10CEB /* ViewController */ = {
			isa = PBXGroup;
			children = (
				ACEE800C1E101DBE007C6FC8 /* HomeViewController.swift */,
			);
			name = ViewController;
			sourceTree = "<group>";
		};
		AC38A8DE1E1F8A0F00F10CEB /* ViewModel */ = {
			isa = PBXGroup;
			children = (
			);
			name = ViewModel;
			sourceTree = "<group>";
		};
		AC38A8DF1E1F8A1000F10CEB /* Protocol */ = {
			isa = PBXGroup;
			children = (
			);
			name = Protocol;
			sourceTree = "<group>";
		};
		AC38A8E01E1F8A1200F10CEB /* Model */ = {
			isa = PBXGroup;
			children = (
			);
			name = Model;
			sourceTree = "<group>";
		};
		AC38A8E31E1F8B0300F10CEB /* Classes */ = {
			isa = PBXGroup;
			children = (
				AC38A8DC1E1F89F400F10CEB /* Model */,
				AC38A8DB1E1F89F300F10CEB /* Protocol */,
				AC38A8DA1E1F89F200F10CEB /* ViewModel */,
				AC38A8D91E1F89EF00F10CEB /* ViewController */,
			);
			name = Classes;
			sourceTree = "<group>";
		};
		AC38A8E41E1F8B0D00F10CEB /* Classes */ = {
			isa = PBXGroup;
			children = (
				AC38A8E01E1F8A1200F10CEB /* Model */,
				AC38A8DF1E1F8A1000F10CEB /* Protocol */,
				AC38A8DE1E1F8A0F00F10CEB /* ViewModel */,
				AC38A8DD1E1F8A0B00F10CEB /* ViewController */,
			);
			name = Classes;
			sourceTree = "<group>";
		};
		AC38A8E51E1F8B5300F10CEB /* Global */ = {
			isa = PBXGroup;
			children = (
				AC38A8E61E1F8B7200F10CEB /* CommonGlobal.swift */,
				AC7EC5CC1E223C8700766960 /* KmitlBikeUser.swift */,
			);
			name = Global;
			sourceTree = "<group>";
		};
		AC6B88A11DB1F88B0037F189 /* Classes */ = {
			isa = PBXGroup;
			children = (
				AC6B88BE1DB35C8D0037F189 /* Signup */,
				AC6B88A21DB1F8910037F189 /* Login */,
			);
			name = Classes;
			sourceTree = "<group>";
		};
		AC6B88A21DB1F8910037F189 /* Login */ = {
			isa = PBXGroup;
			children = (
				AC6B88E01DB3730F0037F189 /* Model */,
				AC6B88A51DB1F8C70037F189 /* Protocol */,
				AC6B88A41DB1F8BC0037F189 /* ViewModel */,
				AC6B88A31DB1F8B00037F189 /* ViewController */,
			);
			name = Login;
			sourceTree = "<group>";
		};
		AC6B88A31DB1F8B00037F189 /* ViewController */ = {
			isa = PBXGroup;
			children = (
				AC6B88B81DB35C210037F189 /* LoginViewController.swift */,
			);
			name = ViewController;
			sourceTree = "<group>";
		};
		AC6B88A41DB1F8BC0037F189 /* ViewModel */ = {
			isa = PBXGroup;
			children = (
				AC6B88C51DB35E170037F189 /* LoginViewModel.swift */,
			);
			name = ViewModel;
			sourceTree = "<group>";
		};
		AC6B88A51DB1F8C70037F189 /* Protocol */ = {
			isa = PBXGroup;
			children = (
				AC15F0AA1DB48144005A5779 /* LoginDelegate.swift */,
			);
			name = Protocol;
			sourceTree = "<group>";
		};
		AC6B88A61DB1FA620037F189 /* Common */ = {
			isa = PBXGroup;
			children = (
				AC38A8E51E1F8B5300F10CEB /* Global */,
				ACD8A5A41DF1142D00E989AA /* IoC */,
				ACD8A5B11DF12B7600E989AA /* Form */,
				AC15F0A71DB471D2005A5779 /* Router */,
				AC6B88CE1DB3665F0037F189 /* Model */,
				AC6B88B41DB35AA80037F189 /* View */,
				AC6B88AE1DB1FDBC0037F189 /* Extension */,
				AC6B88AB1DB1FC5E0037F189 /* ViewModel */,
				AC6B88AA1DB1FC580037F189 /* ViewController */,
				AC6B88A71DB1FA6C0037F189 /* Protocol */,
			);
			name = Common;
			sourceTree = "<group>";
		};
		AC6B88A71DB1FA6C0037F189 /* Protocol */ = {
			isa = PBXGroup;
			children = (
				AC6B88A81DB1FBFE0037F189 /* BaseViewModelProtocol.swift */,
			);
			name = Protocol;
			sourceTree = "<group>";
		};
		AC6B88AA1DB1FC580037F189 /* ViewController */ = {
			isa = PBXGroup;
			children = (
				AC6B88AC1DB1FC800037F189 /* BaseViewController.swift */,
			);
			name = ViewController;
			sourceTree = "<group>";
		};
		AC6B88AB1DB1FC5E0037F189 /* ViewModel */ = {
			isa = PBXGroup;
			children = (
				AC6B88B21DB1FF440037F189 /* BaseViewModel.swift */,
			);
			name = ViewModel;
			sourceTree = "<group>";
		};
		AC6B88AE1DB1FDBC0037F189 /* Extension */ = {
			isa = PBXGroup;
			children = (
				ACD8A5A91DF1168B00E989AA /* NSObject */,
				AC6B88AF1DB1FDC50037F189 /* UIColorExtension */,
			);
			name = Extension;
			sourceTree = "<group>";
		};
		AC6B88AF1DB1FDC50037F189 /* UIColorExtension */ = {
			isa = PBXGroup;
			children = (
				AC6B88B01DB1FDF40037F189 /* UIColorExtension.swift */,
			);
			name = UIColorExtension;
			sourceTree = "<group>";
		};
		AC6B88B41DB35AA80037F189 /* View */ = {
			isa = PBXGroup;
			children = (
				AC6B88B51DB35AAE0037F189 /* Button */,
			);
			name = View;
			sourceTree = "<group>";
		};
		AC6B88B51DB35AAE0037F189 /* Button */ = {
			isa = PBXGroup;
			children = (
				AC6B88B61DB35ACF0037F189 /* RoundButton.swift */,
			);
			name = Button;
			sourceTree = "<group>";
		};
		AC6B88BE1DB35C8D0037F189 /* Signup */ = {
			isa = PBXGroup;
			children = (
				AC6B88C21DB35CAD0037F189 /* ViewController */,
				AC6B88C11DB35CA50037F189 /* ViewModel */,
				AC6B88BF1DB35C990037F189 /* Protocol */,
			);
			name = Signup;
			sourceTree = "<group>";
		};
		AC6B88BF1DB35C990037F189 /* Protocol */ = {
			isa = PBXGroup;
			children = (
				ACD8A5B91DF1306800E989AA /* SignupDelegate.swift */,
			);
			name = Protocol;
			sourceTree = "<group>";
		};
		AC6B88C11DB35CA50037F189 /* ViewModel */ = {
			isa = PBXGroup;
			children = (
				ACD8A5B71DF1303D00E989AA /* SignupViewModel.swift */,
			);
			name = ViewModel;
			sourceTree = "<group>";
		};
		AC6B88C21DB35CAD0037F189 /* ViewController */ = {
			isa = PBXGroup;
			children = (
				AC6B88C31DB35CF30037F189 /* SignUpViewController.swift */,
			);
			name = ViewController;
			sourceTree = "<group>";
		};
		AC6B88CE1DB3665F0037F189 /* Model */ = {
			isa = PBXGroup;
			children = (
				AC6B88CA1DB365C40037F189 /* BaseResponse.swift */,
				AC15F0A51DB4719D005A5779 /* GlobalModel.swift */,
				AC15F0A81DB47538005A5779 /* UserData.swift */,
			);
			name = Model;
			sourceTree = "<group>";
		};
		AC6B88E01DB3730F0037F189 /* Model */ = {
			isa = PBXGroup;
			children = (
				AC6B88E31DB373990037F189 /* LoginResponse.swift */,
			);
			name = Model;
			sourceTree = "<group>";
		};
		AC7EC5EC1E24949900766960 /* Resources */ = {
			isa = PBXGroup;
			children = (
				AC7EC5ED1E2494A100766960 /* Xib */,
			);
			name = Resources;
			sourceTree = "<group>";
		};
		AC7EC5ED1E2494A100766960 /* Xib */ = {
			isa = PBXGroup;
			children = (
				AC7EC5F01E2494D700766960 /* BikeHistoryTableViewCell.xib */,
			);
			name = Xib;
			sourceTree = "<group>";
		};
		AC7EC5EE1E2494B000766960 /* View */ = {
			isa = PBXGroup;
			children = (
				AC7EC5EF1E2494D700766960 /* BikeHistoryTableViewCell.swift */,
			);
			name = View;
			sourceTree = "<group>";
		};
		AC7EC5FF1E2643C800766960 /* Classes */ = {
			isa = PBXGroup;
			children = (
				AC7EC60B1E2652E900766960 /* View */,
				AC7EC6021E2643E800766960 /* Protocol */,
				AC7EC6011E2643D500766960 /* ViewController */,
			);
			name = Classes;
			sourceTree = "<group>";
		};
		AC7EC6001E2643CF00766960 /* Resources */ = {
			isa = PBXGroup;
			children = (
				AC7EC6051E26526700766960 /* Xib */,
			);
			name = Resources;
			sourceTree = "<group>";
		};
		AC7EC6011E2643D500766960 /* ViewController */ = {
			isa = PBXGroup;
			children = (
				AC7EC6031E26442400766960 /* MoreViewController.swift */,
			);
			name = ViewController;
			sourceTree = "<group>";
		};
		AC7EC6021E2643E800766960 /* Protocol */ = {
			isa = PBXGroup;
			children = (
			);
			name = Protocol;
			sourceTree = "<group>";
		};
		AC7EC6051E26526700766960 /* Xib */ = {
			isa = PBXGroup;
			children = (
				AC7EC6081E26529C00766960 /* MoreHeaderTableViewCell.xib */,
			);
			name = Xib;
			sourceTree = "<group>";
		};
		AC7EC60B1E2652E900766960 /* View */ = {
			isa = PBXGroup;
			children = (
				AC7EC6071E26529C00766960 /* MoreHeaderTableViewCell.swift */,
			);
			name = View;
			sourceTree = "<group>";
		};
		AC9068D21DB1D235009BC898 = {
			isa = PBXGroup;
			children = (
				AC9068DD1DB1D235009BC898 /* kmitlbike */,
				AC9068DC1DB1D235009BC898 /* Products */,
				BE40503DC881AC69E04A49EE /* Pods */,
				A051EE3799693092847EC5E5 /* Frameworks */,
			);
			sourceTree = "<group>";
		};
		AC9068DC1DB1D235009BC898 /* Products */ = {
			isa = PBXGroup;
			children = (
				AC9068DB1DB1D235009BC898 /* kmitlbike.app */,
			);
			name = Products;
			sourceTree = "<group>";
		};
		AC9068DD1DB1D235009BC898 /* kmitlbike */ = {
			isa = PBXGroup;
			children = (
				AC9068EA1DB1D235009BC898 /* Info.plist */,
				AC9068DE1DB1D235009BC898 /* AppDelegate.swift */,
				AC9068E01DB1D235009BC898 /* ViewController.swift */,
				AC9068E51DB1D235009BC898 /* Assets.xcassets */,
				AC6B88A61DB1FA620037F189 /* Common */,
				AC38A8D11E1F898100F10CEB /* Find */,
				AC38A8D21E1F898900F10CEB /* History */,
				ACD8A5B61DF12D5200E989AA /* Home */,
				AC9068F01DB1D440009BC898 /* Login */,
				AC38A8D31E1F898F00F10CEB /* More */,
				ACD8A5AC1DF121B300E989AA /* Storyboard */,
			);
			path = kmitlbike;
			sourceTree = "<group>";
		};
		AC9068F01DB1D440009BC898 /* Login */ = {
			isa = PBXGroup;
			children = (
				AC6B88A11DB1F88B0037F189 /* Classes */,
			);
			name = Login;
			sourceTree = "<group>";
		};
		ACD8A5A41DF1142D00E989AA /* IoC */ = {
			isa = PBXGroup;
			children = (
				ACD8A5A51DF1145000E989AA /* ViewControllerFactory.swift */,
				ACD8A5A71DF1147D00E989AA /* BaseFactory.swift */,
				AC7EC5F71E24B3E400766960 /* ServiceProvider.swift */,
			);
			name = IoC;
			sourceTree = "<group>";
		};
		ACD8A5A91DF1168B00E989AA /* NSObject */ = {
			isa = PBXGroup;
			children = (
				ACD8A5AA1DF116B100E989AA /* NSObject+kmitlbike.swift */,
			);
			name = NSObject;
			sourceTree = "<group>";
		};
		ACD8A5AC1DF121B300E989AA /* Storyboard */ = {
			isa = PBXGroup;
			children = (
				ACA05EB31E27649000453D8D /* Find.storyboard */,
				ACA05EB41E27649000453D8D /* More.storyboard */,
				AC9068E71DB1D235009BC898 /* LaunchScreen.storyboard */,
				ACD8A5AD1DF121F400E989AA /* Login.storyboard */,
				ACD8A5AF1DF1220200E989AA /* Home.storyboard */,
				AC38A8CD1E1F875B00F10CEB /* History.storyboard */,
				AC38A8C91E1F85CF00F10CEB /* Borrow.storyboard */,
			);
			name = Storyboard;
			sourceTree = "<group>";
		};
		ACD8A5B11DF12B7600E989AA /* Form */ = {
			isa = PBXGroup;
			children = (
				ACD8A5B21DF12B9700E989AA /* CommonForm.swift */,
			);
			name = Form;
			sourceTree = "<group>";
		};
		ACD8A5B61DF12D5200E989AA /* Home */ = {
			isa = PBXGroup;
			children = (
				AC38A8E41E1F8B0D00F10CEB /* Classes */,
			);
			name = Home;
			sourceTree = "<group>";
		};
		BE40503DC881AC69E04A49EE /* Pods */ = {
			isa = PBXGroup;
			children = (
				18FBB5C3F714D66AD13AA384 /* Pods-kmitlbike.debug.xcconfig */,
				BBA16D7B7E6747D8E4AF3137 /* Pods-kmitlbike.release.xcconfig */,
			);
			name = Pods;
			sourceTree = "<group>";
		};
/* End PBXGroup section */

/* Begin PBXNativeTarget section */
		AC9068DA1DB1D235009BC898 /* kmitlbike */ = {
			isa = PBXNativeTarget;
			buildConfigurationList = AC9068ED1DB1D235009BC898 /* Build configuration list for PBXNativeTarget "kmitlbike" */;
			buildPhases = (
				B963F14C798B9762C9DB8AAE /* [CP] Check Pods Manifest.lock */,
				AC9068D71DB1D235009BC898 /* Sources */,
				AC9068D81DB1D235009BC898 /* Frameworks */,
				AC9068D91DB1D235009BC898 /* Resources */,
				67EF960D56A9ADCA033367EC /* [CP] Embed Pods Frameworks */,
				F0D1CF4F6F6B4AEE548957C0 /* [CP] Copy Pods Resources */,
			);
			buildRules = (
			);
			dependencies = (
			);
			name = kmitlbike;
			productName = kmitlbike;
			productReference = AC9068DB1DB1D235009BC898 /* kmitlbike.app */;
			productType = "com.apple.product-type.application";
		};
/* End PBXNativeTarget section */

/* Begin PBXProject section */
		AC9068D31DB1D235009BC898 /* Project object */ = {
			isa = PBXProject;
			attributes = {
				LastSwiftUpdateCheck = 0810;
				LastUpgradeCheck = 0810;
				ORGANIZATIONNAME = "Kajornsak Peerapathananont";
				TargetAttributes = {
					AC9068DA1DB1D235009BC898 = {
						CreatedOnToolsVersion = 8.1;
						ProvisioningStyle = Automatic;
					};
				};
			};
			buildConfigurationList = AC9068D61DB1D235009BC898 /* Build configuration list for PBXProject "kmitlbike" */;
			compatibilityVersion = "Xcode 8.0";
			developmentRegion = English;
			hasScannedForEncodings = 0;
			knownRegions = (
				en,
				Base,
			);
			mainGroup = AC9068D21DB1D235009BC898;
			productRefGroup = AC9068DC1DB1D235009BC898 /* Products */;
			projectDirPath = "";
			projectRoot = "";
			targets = (
				AC9068DA1DB1D235009BC898 /* kmitlbike */,
			);
		};
/* End PBXProject section */

/* Begin PBXResourcesBuildPhase section */
		AC9068D91DB1D235009BC898 /* Resources */ = {
			isa = PBXResourcesBuildPhase;
			buildActionMask = 2147483647;
			files = (
				ACA05EB61E27649000453D8D /* More.storyboard in Resources */,
				AC7EC60A1E26529C00766960 /* MoreHeaderTableViewCell.xib in Resources */,
				AC9068E91DB1D235009BC898 /* LaunchScreen.storyboard in Resources */,
				AC38A8CA1E1F85CF00F10CEB /* Borrow.storyboard in Resources */,
				AC38A8CE1E1F875B00F10CEB /* History.storyboard in Resources */,
				ACA05EB51E27649000453D8D /* Find.storyboard in Resources */,
				ACD8A5B01DF1220200E989AA /* Home.storyboard in Resources */,
				AC7EC5F21E2494D700766960 /* BikeHistoryTableViewCell.xib in Resources */,
				AC9068E61DB1D235009BC898 /* Assets.xcassets in Resources */,
				ACD8A5AE1DF121F400E989AA /* Login.storyboard in Resources */,
			);
			runOnlyForDeploymentPostprocessing = 0;
		};
/* End PBXResourcesBuildPhase section */

/* Begin PBXShellScriptBuildPhase section */
		67EF960D56A9ADCA033367EC /* [CP] Embed Pods Frameworks */ = {
			isa = PBXShellScriptBuildPhase;
			buildActionMask = 2147483647;
			files = (
			);
			inputPaths = (
			);
			name = "[CP] Embed Pods Frameworks";
			outputPaths = (
			);
			runOnlyForDeploymentPostprocessing = 0;
			shellPath = /bin/sh;
			shellScript = "\"${SRCROOT}/Pods/Target Support Files/Pods-kmitlbike/Pods-kmitlbike-frameworks.sh\"\n";
			showEnvVarsInLog = 0;
		};
		B963F14C798B9762C9DB8AAE /* [CP] Check Pods Manifest.lock */ = {
			isa = PBXShellScriptBuildPhase;
			buildActionMask = 2147483647;
			files = (
			);
			inputPaths = (
			);
			name = "[CP] Check Pods Manifest.lock";
			outputPaths = (
			);
			runOnlyForDeploymentPostprocessing = 0;
			shellPath = /bin/sh;
			shellScript = "diff \"${PODS_ROOT}/../Podfile.lock\" \"${PODS_ROOT}/Manifest.lock\" > /dev/null\nif [ $? != 0 ] ; then\n    # print error to STDERR\n    echo \"error: The sandbox is not in sync with the Podfile.lock. Run 'pod install' or update your CocoaPods installation.\" >&2\n    exit 1\nfi\n";
			showEnvVarsInLog = 0;
		};
		F0D1CF4F6F6B4AEE548957C0 /* [CP] Copy Pods Resources */ = {
			isa = PBXShellScriptBuildPhase;
			buildActionMask = 2147483647;
			files = (
			);
			inputPaths = (
			);
			name = "[CP] Copy Pods Resources";
			outputPaths = (
			);
			runOnlyForDeploymentPostprocessing = 0;
			shellPath = /bin/sh;
			shellScript = "\"${SRCROOT}/Pods/Target Support Files/Pods-kmitlbike/Pods-kmitlbike-resources.sh\"\n";
			showEnvVarsInLog = 0;
		};
/* End PBXShellScriptBuildPhase section */

/* Begin PBXSourcesBuildPhase section */
		AC9068D71DB1D235009BC898 /* Sources */ = {
			isa = PBXSourcesBuildPhase;
			buildActionMask = 2147483647;
			files = (
				ACD8A5BA1DF1306800E989AA /* SignupDelegate.swift in Sources */,
				AC6B88A91DB1FBFE0037F189 /* BaseViewModelProtocol.swift in Sources */,
				ACD8A5A81DF1147D00E989AA /* BaseFactory.swift in Sources */,
				AC6B88AD1DB1FC800037F189 /* BaseViewController.swift in Sources */,
				ACD8A5B81DF1303D00E989AA /* SignupViewModel.swift in Sources */,
				AC15F0AB1DB48144005A5779 /* LoginDelegate.swift in Sources */,
				AC7EC5F81E24B3E400766960 /* ServiceProvider.swift in Sources */,
				ACEE800D1E101DBE007C6FC8 /* HomeViewController.swift in Sources */,
				AC6B88B71DB35ACF0037F189 /* RoundButton.swift in Sources */,
				AC38A8E71E1F8B7200F10CEB /* CommonGlobal.swift in Sources */,
				AC15F0A91DB47538005A5779 /* UserData.swift in Sources */,
				AC6B88CB1DB365C40037F189 /* BaseResponse.swift in Sources */,
				AC7EC5FC1E25290400766960 /* HistorySummaryViewController.swift in Sources */,
				AC6B88B11DB1FDF40037F189 /* UIColorExtension.swift in Sources */,
				ACD8A5A61DF1145000E989AA /* ViewControllerFactory.swift in Sources */,
				AC7EC6041E26442400766960 /* MoreViewController.swift in Sources */,
				AC15F0A61DB4719D005A5779 /* GlobalModel.swift in Sources */,
				ACD8A5AB1DF116B100E989AA /* NSObject+kmitlbike.swift in Sources */,
				AC6B88B91DB35C210037F189 /* LoginViewController.swift in Sources */,
				AC7EC5FA1E24CC5E00766960 /* HistoryResponse.swift in Sources */,
				AC38A8E21E1F8ACF00F10CEB /* HistoryViewController.swift in Sources */,
				AC6B88B31DB1FF440037F189 /* BaseViewModel.swift in Sources */,
				AC6B88C41DB35CF30037F189 /* SignUpViewController.swift in Sources */,
				AC9068E11DB1D235009BC898 /* ViewController.swift in Sources */,
				ACD8A5B31DF12B9700E989AA /* CommonForm.swift in Sources */,
				AC6B88C61DB35E170037F189 /* LoginViewModel.swift in Sources */,
				AC9068DF1DB1D235009BC898 /* AppDelegate.swift in Sources */,
				AC7EC6091E26529C00766960 /* MoreHeaderTableViewCell.swift in Sources */,
				AC7EC5CD1E223C8700766960 /* KmitlBikeUser.swift in Sources */,
				AC7EC5F11E2494D700766960 /* BikeHistoryTableViewCell.swift in Sources */,
				AC6B88E91DB38DDC0037F189 /* CommonRouter.swift in Sources */,
				AC7EC5F61E249EB900766960 /* HistoryDelegate.swift in Sources */,
				AC6B88E41DB373990037F189 /* LoginResponse.swift in Sources */,
				AC7EC5F41E249E7200766960 /* HistoryViewModel.swift in Sources */,
			);
			runOnlyForDeploymentPostprocessing = 0;
		};
/* End PBXSourcesBuildPhase section */

/* Begin PBXVariantGroup section */
		AC9068E71DB1D235009BC898 /* LaunchScreen.storyboard */ = {
			isa = PBXVariantGroup;
			children = (
				AC9068E81DB1D235009BC898 /* Base */,
			);
			name = LaunchScreen.storyboard;
			sourceTree = "<group>";
		};
/* End PBXVariantGroup section */

/* Begin XCBuildConfiguration section */
		AC9068EB1DB1D235009BC898 /* Debug */ = {
			isa = XCBuildConfiguration;
			buildSettings = {
				ALWAYS_SEARCH_USER_PATHS = NO;
				CLANG_ANALYZER_NONNULL = YES;
				CLANG_CXX_LANGUAGE_STANDARD = "gnu++0x";
				CLANG_CXX_LIBRARY = "libc++";
				CLANG_ENABLE_MODULES = YES;
				CLANG_ENABLE_OBJC_ARC = YES;
				CLANG_WARN_BOOL_CONVERSION = YES;
				CLANG_WARN_CONSTANT_CONVERSION = YES;
				CLANG_WARN_DIRECT_OBJC_ISA_USAGE = YES_ERROR;
				CLANG_WARN_DOCUMENTATION_COMMENTS = YES;
				CLANG_WARN_EMPTY_BODY = YES;
				CLANG_WARN_ENUM_CONVERSION = YES;
				CLANG_WARN_INFINITE_RECURSION = YES;
				CLANG_WARN_INT_CONVERSION = YES;
				CLANG_WARN_OBJC_ROOT_CLASS = YES_ERROR;
				CLANG_WARN_SUSPICIOUS_MOVES = YES;
				CLANG_WARN_UNREACHABLE_CODE = YES;
				CLANG_WARN__DUPLICATE_METHOD_MATCH = YES;
				"CODE_SIGN_IDENTITY[sdk=iphoneos*]" = "iPhone Developer";
				COPY_PHASE_STRIP = NO;
				DEBUG_INFORMATION_FORMAT = dwarf;
				ENABLE_STRICT_OBJC_MSGSEND = YES;
				ENABLE_TESTABILITY = YES;
				GCC_C_LANGUAGE_STANDARD = gnu99;
				GCC_DYNAMIC_NO_PIC = NO;
				GCC_NO_COMMON_BLOCKS = YES;
				GCC_OPTIMIZATION_LEVEL = 0;
				GCC_PREPROCESSOR_DEFINITIONS = (
					"DEBUG=1",
					"$(inherited)",
				);
				GCC_WARN_64_TO_32_BIT_CONVERSION = YES;
				GCC_WARN_ABOUT_RETURN_TYPE = YES_ERROR;
				GCC_WARN_UNDECLARED_SELECTOR = YES;
				GCC_WARN_UNINITIALIZED_AUTOS = YES_AGGRESSIVE;
				GCC_WARN_UNUSED_FUNCTION = YES;
				GCC_WARN_UNUSED_VARIABLE = YES;
				IPHONEOS_DEPLOYMENT_TARGET = 10.1;
				MTL_ENABLE_DEBUG_INFO = YES;
				ONLY_ACTIVE_ARCH = YES;
				SDKROOT = iphoneos;
				SWIFT_ACTIVE_COMPILATION_CONDITIONS = DEBUG;
				SWIFT_OPTIMIZATION_LEVEL = "-Onone";
				SWIFT_VERSION = 3.0.1;
				TARGETED_DEVICE_FAMILY = "1,2";
			};
			name = Debug;
		};
		AC9068EC1DB1D235009BC898 /* Release */ = {
			isa = XCBuildConfiguration;
			buildSettings = {
				ALWAYS_SEARCH_USER_PATHS = NO;
				CLANG_ANALYZER_NONNULL = YES;
				CLANG_CXX_LANGUAGE_STANDARD = "gnu++0x";
				CLANG_CXX_LIBRARY = "libc++";
				CLANG_ENABLE_MODULES = YES;
				CLANG_ENABLE_OBJC_ARC = YES;
				CLANG_WARN_BOOL_CONVERSION = YES;
				CLANG_WARN_CONSTANT_CONVERSION = YES;
				CLANG_WARN_DIRECT_OBJC_ISA_USAGE = YES_ERROR;
				CLANG_WARN_DOCUMENTATION_COMMENTS = YES;
				CLANG_WARN_EMPTY_BODY = YES;
				CLANG_WARN_ENUM_CONVERSION = YES;
				CLANG_WARN_INFINITE_RECURSION = YES;
				CLANG_WARN_INT_CONVERSION = YES;
				CLANG_WARN_OBJC_ROOT_CLASS = YES_ERROR;
				CLANG_WARN_SUSPICIOUS_MOVES = YES;
				CLANG_WARN_UNREACHABLE_CODE = YES;
				CLANG_WARN__DUPLICATE_METHOD_MATCH = YES;
				"CODE_SIGN_IDENTITY[sdk=iphoneos*]" = "iPhone Developer";
				COPY_PHASE_STRIP = NO;
				DEBUG_INFORMATION_FORMAT = "dwarf-with-dsym";
				ENABLE_NS_ASSERTIONS = NO;
				ENABLE_STRICT_OBJC_MSGSEND = YES;
				GCC_C_LANGUAGE_STANDARD = gnu99;
				GCC_NO_COMMON_BLOCKS = YES;
				GCC_WARN_64_TO_32_BIT_CONVERSION = YES;
				GCC_WARN_ABOUT_RETURN_TYPE = YES_ERROR;
				GCC_WARN_UNDECLARED_SELECTOR = YES;
				GCC_WARN_UNINITIALIZED_AUTOS = YES_AGGRESSIVE;
				GCC_WARN_UNUSED_FUNCTION = YES;
				GCC_WARN_UNUSED_VARIABLE = YES;
				IPHONEOS_DEPLOYMENT_TARGET = 10.1;
				MTL_ENABLE_DEBUG_INFO = NO;
				SDKROOT = iphoneos;
				SWIFT_OPTIMIZATION_LEVEL = "-Owholemodule";
				SWIFT_VERSION = 3.0.1;
				TARGETED_DEVICE_FAMILY = "1,2";
				VALIDATE_PRODUCT = YES;
			};
			name = Release;
		};
		AC9068EE1DB1D235009BC898 /* Debug */ = {
			isa = XCBuildConfiguration;
			baseConfigurationReference = 18FBB5C3F714D66AD13AA384 /* Pods-kmitlbike.debug.xcconfig */;
			buildSettings = {
				ASSETCATALOG_COMPILER_APPICON_NAME = AppIcon;
				"CODE_SIGN_IDENTITY[sdk=iphoneos*]" = "iPhone Developer";
				DEVELOPMENT_TEAM = P2N373N3GP;
				INFOPLIST_FILE = kmitlbike/Info.plist;
				IPHONEOS_DEPLOYMENT_TARGET = 9.0;
				LD_RUNPATH_SEARCH_PATHS = "$(inherited) @executable_path/Frameworks";
				PRODUCT_BUNDLE_IDENTIFIER = com.kajornsak.kmitlbike;
				PRODUCT_NAME = "$(TARGET_NAME)";
				PROVISIONING_PROFILE = "";
				PROVISIONING_PROFILE_SPECIFIER = "";
				SWIFT_VERSION = 3.0;
			};
			name = Debug;
		};
		AC9068EF1DB1D235009BC898 /* Release */ = {
			isa = XCBuildConfiguration;
			baseConfigurationReference = BBA16D7B7E6747D8E4AF3137 /* Pods-kmitlbike.release.xcconfig */;
			buildSettings = {
				ASSETCATALOG_COMPILER_APPICON_NAME = AppIcon;
				"CODE_SIGN_IDENTITY[sdk=iphoneos*]" = "iPhone Developer";
				DEVELOPMENT_TEAM = P2N373N3GP;
				INFOPLIST_FILE = kmitlbike/Info.plist;
				IPHONEOS_DEPLOYMENT_TARGET = 9.0;
				LD_RUNPATH_SEARCH_PATHS = "$(inherited) @executable_path/Frameworks";
				PRODUCT_BUNDLE_IDENTIFIER = com.kajornsak.kmitlbike;
				PRODUCT_NAME = "$(TARGET_NAME)";
				PROVISIONING_PROFILE = "";
				PROVISIONING_PROFILE_SPECIFIER = "";
				SWIFT_VERSION = 3.0;
			};
			name = Release;
		};
/* End XCBuildConfiguration section */

/* Begin XCConfigurationList section */
		AC9068D61DB1D235009BC898 /* Build configuration list for PBXProject "kmitlbike" */ = {
			isa = XCConfigurationList;
			buildConfigurations = (
				AC9068EB1DB1D235009BC898 /* Debug */,
				AC9068EC1DB1D235009BC898 /* Release */,
			);
			defaultConfigurationIsVisible = 0;
			defaultConfigurationName = Release;
		};
		AC9068ED1DB1D235009BC898 /* Build configuration list for PBXNativeTarget "kmitlbike" */ = {
			isa = XCConfigurationList;
			buildConfigurations = (
				AC9068EE1DB1D235009BC898 /* Debug */,
				AC9068EF1DB1D235009BC898 /* Release */,
			);
			defaultConfigurationIsVisible = 0;
			defaultConfigurationName = Release;
		};
/* End XCConfigurationList section */
	};
	rootObject = AC9068D31DB1D235009BC898 /* Project object */;
}
