// !$*UTF8*$!
{
	archiveVersion = 1;
	classes = {
	};
	objectVersion = 46;
	objects = {

/* Begin PBXBuildFile section */
		AC9068DF1DB1D235009BC898 /* AppDelegate.swift in Sources */ = {isa = PBXBuildFile; fileRef = AC9068DE1DB1D235009BC898 /* AppDelegate.swift */; };
		AC9068E11DB1D235009BC898 /* ViewController.swift in Sources */ = {isa = PBXBuildFile; fileRef = AC9068E01DB1D235009BC898 /* ViewController.swift */; };
		AC9068E41DB1D235009BC898 /* Main.storyboard in Resources */ = {isa = PBXBuildFile; fileRef = AC9068E21DB1D235009BC898 /* Main.storyboard */; };
		AC9068E61DB1D235009BC898 /* Assets.xcassets in Resources */ = {isa = PBXBuildFile; fileRef = AC9068E51DB1D235009BC898 /* Assets.xcassets */; };
		AC9068E91DB1D235009BC898 /* LaunchScreen.storyboard in Resources */ = {isa = PBXBuildFile; fileRef = AC9068E71DB1D235009BC898 /* LaunchScreen.storyboard */; };
/* End PBXBuildFile section */

/* Begin PBXFileReference section */
		AC9068DB1DB1D235009BC898 /* kmitlbike.app */ = {isa = PBXFileReference; explicitFileType = wrapper.application; includeInIndex = 0; path = kmitlbike.app; sourceTree = BUILT_PRODUCTS_DIR; };
		AC9068DE1DB1D235009BC898 /* AppDelegate.swift */ = {isa = PBXFileReference; lastKnownFileType = sourcecode.swift; path = AppDelegate.swift; sourceTree = "<group>"; };
		AC9068E01DB1D235009BC898 /* ViewController.swift */ = {isa = PBXFileReference; lastKnownFileType = sourcecode.swift; path = ViewController.swift; sourceTree = "<group>"; };
		AC9068E31DB1D235009BC898 /* Base */ = {isa = PBXFileReference; lastKnownFileType = file.storyboard; name = Base; path = Base.lproj/Main.storyboard; sourceTree = "<group>"; };
		AC9068E51DB1D235009BC898 /* Assets.xcassets */ = {isa = PBXFileReference; lastKnownFileType = folder.assetcatalog; path = Assets.xcassets; sourceTree = "<group>"; };
		AC9068E81DB1D235009BC898 /* Base */ = {isa = PBXFileReference; lastKnownFileType = file.storyboard; name = Base; path = Base.lproj/LaunchScreen.storyboard; sourceTree = "<group>"; };
		AC9068EA1DB1D235009BC898 /* Info.plist */ = {isa = PBXFileReference; lastKnownFileType = text.plist.xml; path = Info.plist; sourceTree = "<group>"; };
/* End PBXFileReference section */

/* Begin PBXFrameworksBuildPhase section */
		AC9068D81DB1D235009BC898 /* Frameworks */ = {
			isa = PBXFrameworksBuildPhase;
			buildActionMask = 2147483647;
			files = (
			);
			runOnlyForDeploymentPostprocessing = 0;
		};
/* End PBXFrameworksBuildPhase section */

/* Begin PBXGroup section */
		AC9068D21DB1D235009BC898 = {
			isa = PBXGroup;
			children = (
				AC9068DD1DB1D235009BC898 /* kmitlbike */,
				AC9068DC1DB1D235009BC898 /* Products */,
			);
			sourceTree = "<group>";
		};
		AC9068DC1DB1D235009BC898 /* Products */ = {
			isa = PBXGroup;
			children = (
				AC9068DB1DB1D235009BC898 /* kmitlbike.app */,
			);
			name = Products;
			sourceTree = "<group>";
		};
		AC9068DD1DB1D235009BC898 /* kmitlbike */ = {
			isa = PBXGroup;
			children = (
				AC9068DE1DB1D235009BC898 /* AppDelegate.swift */,
				AC9068E01DB1D235009BC898 /* ViewController.swift */,
				AC9068E21DB1D235009BC898 /* Main.storyboard */,
				AC9068E51DB1D235009BC898 /* Assets.xcassets */,
				AC9068E71DB1D235009BC898 /* LaunchScreen.storyboard */,
				AC9068EA1DB1D235009BC898 /* Info.plist */,
			);
			path = kmitlbike;
			sourceTree = "<group>";
		};
/* End PBXGroup section */

/* Begin PBXNativeTarget section */
		AC9068DA1DB1D235009BC898 /* kmitlbike */ = {
			isa = PBXNativeTarget;
			buildConfigurationList = AC9068ED1DB1D235009BC898 /* Build configuration list for PBXNativeTarget "kmitlbike" */;
			buildPhases = (
				AC9068D71DB1D235009BC898 /* Sources */,
				AC9068D81DB1D235009BC898 /* Frameworks */,
				AC9068D91DB1D235009BC898 /* Resources */,
			);
			buildRules = (
			);
			dependencies = (
			);
			name = kmitlbike;
			productName = kmitlbike;
			productReference = AC9068DB1DB1D235009BC898 /* kmitlbike.app */;
			productType = "com.apple.product-type.application";
		};
/* End PBXNativeTarget section */

/* Begin PBXProject section */
		AC9068D31DB1D235009BC898 /* Project object */ = {
			isa = PBXProject;
			attributes = {
				LastSwiftUpdateCheck = 0810;
				LastUpgradeCheck = 0810;
				ORGANIZATIONNAME = "Kajornsak Peerapathananont";
				TargetAttributes = {
					AC9068DA1DB1D235009BC898 = {
						CreatedOnToolsVersion = 8.1;
						DevelopmentTeam = P2N373N3GP;
						ProvisioningStyle = Automatic;
					};
				};
			};
			buildConfigurationList = AC9068D61DB1D235009BC898 /* Build configuration list for PBXProject "kmitlbike" */;
			compatibilityVersion = "Xcode 3.2";
			developmentRegion = English;
			hasScannedForEncodings = 0;
			knownRegions = (
				en,
				Base,
			);
			mainGroup = AC9068D21DB1D235009BC898;
			productRefGroup = AC9068DC1DB1D235009BC898 /* Products */;
			projectDirPath = "";
			projectRoot = "";
			targets = (
				AC9068DA1DB1D235009BC898 /* kmitlbike */,
			);
		};
/* End PBXProject section */

/* Begin PBXResourcesBuildPhase section */
		AC9068D91DB1D235009BC898 /* Resources */ = {
			isa = PBXResourcesBuildPhase;
			buildActionMask = 2147483647;
			files = (
				AC9068E91DB1D235009BC898 /* LaunchScreen.storyboard in Resources */,
				AC9068E61DB1D235009BC898 /* Assets.xcassets in Resources */,
				AC9068E41DB1D235009BC898 /* Main.storyboard in Resources */,
			);
			runOnlyForDeploymentPostprocessing = 0;
		};
/* End PBXResourcesBuildPhase section */

/* Begin PBXSourcesBuildPhase section */
		AC9068D71DB1D235009BC898 /* Sources */ = {
			isa = PBXSourcesBuildPhase;
			buildActionMask = 2147483647;
			files = (
				AC9068E11DB1D235009BC898 /* ViewController.swift in Sources */,
				AC9068DF1DB1D235009BC898 /* AppDelegate.swift in Sources */,
			);
			runOnlyForDeploymentPostprocessing = 0;
		};
/* End PBXSourcesBuildPhase section */

/* Begin PBXVariantGroup section */
		AC9068E21DB1D235009BC898 /* Main.storyboard */ = {
			isa = PBXVariantGroup;
			children = (
				AC9068E31DB1D235009BC898 /* Base */,
			);
			name = Main.storyboard;
			sourceTree = "<group>";
		};
		AC9068E71DB1D235009BC898 /* LaunchScreen.storyboard */ = {
			isa = PBXVariantGroup;
			children = (
				AC9068E81DB1D235009BC898 /* Base */,
			);
			name = LaunchScreen.storyboard;
			sourceTree = "<group>";
		};
/* End PBXVariantGroup section */

/* Begin XCBuildConfiguration section */
		AC9068EB1DB1D235009BC898 /* Debug */ = {
			isa = XCBuildConfiguration;
			buildSettings = {
				ALWAYS_SEARCH_USER_PATHS = NO;
				CLANG_ANALYZER_NONNULL = YES;
				CLANG_CXX_LANGUAGE_STANDARD = "gnu++0x";
				CLANG_CXX_LIBRARY = "libc++";
				CLANG_ENABLE_MODULES = YES;
				CLANG_ENABLE_OBJC_ARC = YES;
				CLANG_WARN_BOOL_CONVERSION = YES;
				CLANG_WARN_CONSTANT_CONVERSION = YES;
				CLANG_WARN_DIRECT_OBJC_ISA_USAGE = YES_ERROR;
				CLANG_WARN_DOCUMENTATION_COMMENTS = YES;
				CLANG_WARN_EMPTY_BODY = YES;
				CLANG_WARN_ENUM_CONVERSION = YES;
				CLANG_WARN_INFINITE_RECURSION = YES;
				CLANG_WARN_INT_CONVERSION = YES;
				CLANG_WARN_OBJC_ROOT_CLASS = YES_ERROR;
				CLANG_WARN_SUSPICIOUS_MOVES = YES;
				CLANG_WARN_UNREACHABLE_CODE = YES;
				CLANG_WARN__DUPLICATE_METHOD_MATCH = YES;
				"CODE_SIGN_IDENTITY[sdk=iphoneos*]" = "iPhone Developer";
				COPY_PHASE_STRIP = NO;
				DEBUG_INFORMATION_FORMAT = dwarf;
				ENABLE_STRICT_OBJC_MSGSEND = YES;
				ENABLE_TESTABILITY = YES;
				GCC_C_LANGUAGE_STANDARD = gnu99;
				GCC_DYNAMIC_NO_PIC = NO;
				GCC_NO_COMMON_BLOCKS = YES;
				GCC_OPTIMIZATION_LEVEL = 0;
				GCC_PREPROCESSOR_DEFINITIONS = (
					"DEBUG=1",
					"$(inherited)",
				);
				GCC_WARN_64_TO_32_BIT_CONVERSION = YES;
				GCC_WARN_ABOUT_RETURN_TYPE = YES_ERROR;
				GCC_WARN_UNDECLARED_SELECTOR = YES;
				GCC_WARN_UNINITIALIZED_AUTOS = YES_AGGRESSIVE;
				GCC_WARN_UNUSED_FUNCTION = YES;
				GCC_WARN_UNUSED_VARIABLE = YES;
				IPHONEOS_DEPLOYMENT_TARGET = 10.1;
				MTL_ENABLE_DEBUG_INFO = YES;
				ONLY_ACTIVE_ARCH = YES;
				SDKROOT = iphoneos;
				SWIFT_ACTIVE_COMPILATION_CONDITIONS = DEBUG;
				SWIFT_OPTIMIZATION_LEVEL = "-Onone";
				TARGETED_DEVICE_FAMILY = "1,2";
			};
			name = Debug;
		};
		AC9068EC1DB1D235009BC898 /* Release */ = {
			isa = XCBuildConfiguration;
			buildSettings = {
				ALWAYS_SEARCH_USER_PATHS = NO;
				CLANG_ANALYZER_NONNULL = YES;
				CLANG_CXX_LANGUAGE_STANDARD = "gnu++0x";
				CLANG_CXX_LIBRARY = "libc++";
				CLANG_ENABLE_MODULES = YES;
				CLANG_ENABLE_OBJC_ARC = YES;
				CLANG_WARN_BOOL_CONVERSION = YES;
				CLANG_WARN_CONSTANT_CONVERSION = YES;
				CLANG_WARN_DIRECT_OBJC_ISA_USAGE = YES_ERROR;
				CLANG_WARN_DOCUMENTATION_COMMENTS = YES;
				CLANG_WARN_EMPTY_BODY = YES;
				CLANG_WARN_ENUM_CONVERSION = YES;
				CLANG_WARN_INFINITE_RECURSION = YES;
				CLANG_WARN_INT_CONVERSION = YES;
				CLANG_WARN_OBJC_ROOT_CLASS = YES_ERROR;
				CLANG_WARN_SUSPICIOUS_MOVES = YES;
				CLANG_WARN_UNREACHABLE_CODE = YES;
				CLANG_WARN__DUPLICATE_METHOD_MATCH = YES;
				"CODE_SIGN_IDENTITY[sdk=iphoneos*]" = "iPhone Developer";
				COPY_PHASE_STRIP = NO;
				DEBUG_INFORMATION_FORMAT = "dwarf-with-dsym";
				ENABLE_NS_ASSERTIONS = NO;
				ENABLE_STRICT_OBJC_MSGSEND = YES;
				GCC_C_LANGUAGE_STANDARD = gnu99;
				GCC_NO_COMMON_BLOCKS = YES;
				GCC_WARN_64_TO_32_BIT_CONVERSION = YES;
				GCC_WARN_ABOUT_RETURN_TYPE = YES_ERROR;
				GCC_WARN_UNDECLARED_SELECTOR = YES;
				GCC_WARN_UNINITIALIZED_AUTOS = YES_AGGRESSIVE;
				GCC_WARN_UNUSED_FUNCTION = YES;
				GCC_WARN_UNUSED_VARIABLE = YES;
				IPHONEOS_DEPLOYMENT_TARGET = 10.1;
				MTL_ENABLE_DEBUG_INFO = NO;
				SDKROOT = iphoneos;
				SWIFT_OPTIMIZATION_LEVEL = "-Owholemodule";
				TARGETED_DEVICE_FAMILY = "1,2";
				VALIDATE_PRODUCT = YES;
			};
			name = Release;
		};
		AC9068EE1DB1D235009BC898 /* Debug */ = {
			isa = XCBuildConfiguration;
			buildSettings = {
				ASSETCATALOG_COMPILER_APPICON_NAME = AppIcon;
				DEVELOPMENT_TEAM = P2N373N3GP;
				INFOPLIST_FILE = kmitlbike/Info.plist;
				LD_RUNPATH_SEARCH_PATHS = "$(inherited) @executable_path/Frameworks";
				PRODUCT_BUNDLE_IDENTIFIER = com.kajornsak.kmitlbike;
				PRODUCT_NAME = "$(TARGET_NAME)";
				SWIFT_VERSION = 3.0;
			};
			name = Debug;
		};
		AC9068EF1DB1D235009BC898 /* Release */ = {
			isa = XCBuildConfiguration;
			buildSettings = {
				ASSETCATALOG_COMPILER_APPICON_NAME = AppIcon;
				DEVELOPMENT_TEAM = P2N373N3GP;
				INFOPLIST_FILE = kmitlbike/Info.plist;
				LD_RUNPATH_SEARCH_PATHS = "$(inherited) @executable_path/Frameworks";
				PRODUCT_BUNDLE_IDENTIFIER = com.kajornsak.kmitlbike;
				PRODUCT_NAME = "$(TARGET_NAME)";
				SWIFT_VERSION = 3.0;
			};
			name = Release;
		};
/* End XCBuildConfiguration section */

/* Begin XCConfigurationList section */
		AC9068D61DB1D235009BC898 /* Build configuration list for PBXProject "kmitlbike" */ = {
			isa = XCConfigurationList;
			buildConfigurations = (
				AC9068EB1DB1D235009BC898 /* Debug */,
				AC9068EC1DB1D235009BC898 /* Release */,
			);
			defaultConfigurationIsVisible = 0;
			defaultConfigurationName = Release;
		};
		AC9068ED1DB1D235009BC898 /* Build configuration list for PBXNativeTarget "kmitlbike" */ = {
			isa = XCConfigurationList;
			buildConfigurations = (
				AC9068EE1DB1D235009BC898 /* Debug */,
				AC9068EF1DB1D235009BC898 /* Release */,
			);
			defaultConfigurationIsVisible = 0;
		};
/* End XCConfigurationList section */
	};
	rootObject = AC9068D31DB1D235009BC898 /* Project object */;
}
